<?xml version="1.0" encoding="utf-8"?>
<Project ToolsVersion="15.0" xmlns="http://schemas.microsoft.com/developer/msbuild/2003">
  <ItemGroup>
    <CustomBuild Include="C:\Users\t-chschi\Documents\azure-iot-sdk-c-pnp\cmake\CMakeFiles\ca3bb8bca1e83eeea08b5426cdf47afc\RUN_TESTS_force.rule">
      <Filter>CMake Rules</Filter>
    </CustomBuild>
  </ItemGroup>
  <ItemGroup>
    <Filter Include="CMake Rules">
      <UniqueIdentifier>{27ABE565-DA7E-3930-AE7F-9292322B031B}</UniqueIdentifier>
    </Filter>
  </ItemGroup>
</Project>
