<?xml version="1.0" encoding="utf-8"?>
<Project ToolsVersion="15.0" xmlns="http://schemas.microsoft.com/developer/msbuild/2003">
  <ItemGroup>
    <CustomBuild Include="C:\Users\t-chschi\Documents\azure-iot-sdk-c-pnp\cmake\CMakeFiles\11235b60e0bcc6306e9f676ffc94dac3\RUN_TESTS_force.rule">
      <Filter>CMake Rules</Filter>
    </CustomBuild>
  </ItemGroup>
  <ItemGroup>
    <Filter Include="CMake Rules">
      <UniqueIdentifier>{27ABE565-DA7E-3930-AE7F-9292322B031B}</UniqueIdentifier>
    </Filter>
  </ItemGroup>
</Project>
