<?xml version="1.0" encoding="utf-8"?>
<Project ToolsVersion="15.0" xmlns="http://schemas.microsoft.com/developer/msbuild/2003">
  <ItemGroup>
    <ClCompile Include="C:\Users\t-chschi\Documents\azure-iot-sdk-c-pnp\umqtt\src\mqtt_client.c">
      <Filter>Source Files</Filter>
    </ClCompile>
    <ClCompile Include="C:\Users\t-chschi\Documents\azure-iot-sdk-c-pnp\umqtt\src\mqtt_codec.c">
      <Filter>Source Files</Filter>
    </ClCompile>
    <ClCompile Include="C:\Users\t-chschi\Documents\azure-iot-sdk-c-pnp\umqtt\src\mqtt_message.c">
      <Filter>Source Files</Filter>
    </ClCompile>
  </ItemGroup>
  <ItemGroup>
    <ClInclude Include="C:\Users\t-chschi\Documents\azure-iot-sdk-c-pnp\umqtt\inc\azure_umqtt_c\mqtt_client.h">
      <Filter>Header Files</Filter>
    </ClInclude>
    <ClInclude Include="C:\Users\t-chschi\Documents\azure-iot-sdk-c-pnp\umqtt\inc\azure_umqtt_c\mqtt_codec.h">
      <Filter>Header Files</Filter>
    </ClInclude>
    <ClInclude Include="C:\Users\t-chschi\Documents\azure-iot-sdk-c-pnp\umqtt\inc\azure_umqtt_c\mqttconst.h">
      <Filter>Header Files</Filter>
    </ClInclude>
    <ClInclude Include="C:\Users\t-chschi\Documents\azure-iot-sdk-c-pnp\umqtt\inc\azure_umqtt_c\mqtt_message.h">
      <Filter>Header Files</Filter>
    </ClInclude>
  </ItemGroup>
  <ItemGroup>
    <CustomBuild Include="C:\Users\t-chschi\Documents\azure-iot-sdk-c-pnp\umqtt\CMakeLists.txt" />
  </ItemGroup>
  <ItemGroup>
    <Filter Include="Header Files">
      <UniqueIdentifier>{B512A864-39DB-35D7-8587-02ABC32CEEA4}</UniqueIdentifier>
    </Filter>
    <Filter Include="Source Files">
      <UniqueIdentifier>{B20C779F-0167-33D7-A26D-38F311C28C42}</UniqueIdentifier>
    </Filter>
  </ItemGroup>
</Project>
