Microsoft Visual Studio Solution File, Format Version 12.00
# Visual Studio 15
Project("{2150E333-8FDC-42A3-9474-1A3956D46DE8}") = "CMakePredefinedTargets", "CMakePredefinedTargets", "{FA3B56CA-9501-321F-B714-915F717ED869}"
EndProject
Project("{2150E333-8FDC-42A3-9474-1A3956D46DE8}") = "CTestDashboardTargets", "CTestDashboardTargets", "{39FF7940-E4D4-3DC4-93BD-79BF2F691656}"
EndProject
Project("{2150E333-8FDC-42A3-9474-1A3956D46DE8}") = "test_tools", "test_tools", "{8AF5A145-0174-39BF-B38C-BDD4D6C8BF00}"
EndProject
Project("{8BC9CEB8-8B4A-11D0-8D11-00A0C91BC942}") = "ALL_BUILD", "ALL_BUILD.vcxproj", "{B3838A40-47D9-3608-A84E-654553CEAAC8}"
	ProjectSection(ProjectDependencies) = postProject
		{475F7B04-CB66-362D-8B84-4B60A20D6CBC} = {475F7B04-CB66-362D-8B84-4B60A20D6CBC}
		{2010C007-0609-3CC4-81BF-72F9D2FAD3AA} = {2010C007-0609-3CC4-81BF-72F9D2FAD3AA}
		{DA3E4057-5B7C-3145-913B-64B4C32746DD} = {DA3E4057-5B7C-3145-913B-64B4C32746DD}
		{0015C238-38B4-3C95-A557-C8B56A95F202} = {0015C238-38B4-3C95-A557-C8B56A95F202}
		{8302C144-F92C-3AD1-A757-31B2D16C8FF5} = {8302C144-F92C-3AD1-A757-31B2D16C8FF5}
		{94172842-30FF-36D7-AA61-15C1755213D9} = {94172842-30FF-36D7-AA61-15C1755213D9}
		{78ADDFC8-0578-3E6D-9D9A-1A0AEB4A310A} = {78ADDFC8-0578-3E6D-9D9A-1A0AEB4A310A}
		{BC98FD35-69F2-37CB-9203-3F9849953EC7} = {BC98FD35-69F2-37CB-9203-3F9849953EC7}
		{F8B01DBB-40AF-3210-8F1C-1AB37EC43267} = {F8B01DBB-40AF-3210-8F1C-1AB37EC43267}
		{6C61DCF1-DE77-3C62-B553-FAC31C84E27D} = {6C61DCF1-DE77-3C62-B553-FAC31C84E27D}
		{FB931464-4A26-3157-94D8-47288AEB8077} = {FB931464-4A26-3157-94D8-47288AEB8077}
		{9D9FF203-0CF4-38A2-9FC2-158A5514EC39} = {9D9FF203-0CF4-38A2-9FC2-158A5514EC39}
		{2F829B11-7DF6-3794-BA0A-202CF6A831D4} = {2F829B11-7DF6-3794-BA0A-202CF6A831D4}
		{794C7F11-57C5-3A4E-BDA5-4AA053AFEA01} = {794C7F11-57C5-3A4E-BDA5-4AA053AFEA01}
		{79771DF6-AECE-3585-AA6B-9E1394079152} = {79771DF6-AECE-3585-AA6B-9E1394079152}
		{4D16A2BA-7083-3582-AFC1-61FE8B0032CB} = {4D16A2BA-7083-3582-AFC1-61FE8B0032CB}
		{3F792E1B-20B2-3846-AC77-DE7372316B30} = {3F792E1B-20B2-3846-AC77-DE7372316B30}
		{8C24E8C9-0AA5-3D2B-8869-68CB813210EB} = {8C24E8C9-0AA5-3D2B-8869-68CB813210EB}
		{D84FE449-6994-3C0B-A2C8-94A8F4898423} = {D84FE449-6994-3C0B-A2C8-94A8F4898423}
		{5AF21C2F-E398-39F8-8160-E0D90A8F532B} = {5AF21C2F-E398-39F8-8160-E0D90A8F532B}
		{55551606-6381-3F25-90BB-5D977578112F} = {55551606-6381-3F25-90BB-5D977578112F}
		{567022FD-20A0-3720-8E2F-5C519052FBDD} = {567022FD-20A0-3720-8E2F-5C519052FBDD}
		{F0419E06-32DE-3409-A0CB-CBD61ACC72E9} = {F0419E06-32DE-3409-A0CB-CBD61ACC72E9}
		{DAE94BEA-5FA5-385A-A58C-F424BB981938} = {DAE94BEA-5FA5-385A-A58C-F424BB981938}
		{8A149D48-CECB-379B-B5BB-F2874A735F59} = {8A149D48-CECB-379B-B5BB-F2874A735F59}
		{14F4C570-BE85-3B36-9A54-66308ADB244B} = {14F4C570-BE85-3B36-9A54-66308ADB244B}
		{0A6FAA47-5BF9-362D-B28B-6D0B13406A32} = {0A6FAA47-5BF9-362D-B28B-6D0B13406A32}
		{060E026C-FC10-3E67-BD5C-21822853C331} = {060E026C-FC10-3E67-BD5C-21822853C331}
	EndProjectSection
EndProject
Project("{8BC9CEB8-8B4A-11D0-8D11-00A0C91BC942}") = "Continuous", "Continuous.vcxproj", "{57DAE682-22FA-3C30-A42C-CF7EC9B7B96B}"
	ProjectSection(ProjectDependencies) = postProject
		{475F7B04-CB66-362D-8B84-4B60A20D6CBC} = {475F7B04-CB66-362D-8B84-4B60A20D6CBC}
	EndProjectSection
EndProject
Project("{8BC9CEB8-8B4A-11D0-8D11-00A0C91BC942}") = "Experimental", "Experimental.vcxproj", "{1FEFCD91-EEF8-3DD9-B6C8-FE26BF6543AB}"
	ProjectSection(ProjectDependencies) = postProject
		{475F7B04-CB66-362D-8B84-4B60A20D6CBC} = {475F7B04-CB66-362D-8B84-4B60A20D6CBC}
	EndProjectSection
EndProject
Project("{8BC9CEB8-8B4A-11D0-8D11-00A0C91BC942}") = "INSTALL", "INSTALL.vcxproj", "{6DA179EB-A494-3E30-A2AB-BDA222B9E14E}"
	ProjectSection(ProjectDependencies) = postProject
		{B3838A40-47D9-3608-A84E-654553CEAAC8} = {B3838A40-47D9-3608-A84E-654553CEAAC8}
		{475F7B04-CB66-362D-8B84-4B60A20D6CBC} = {475F7B04-CB66-362D-8B84-4B60A20D6CBC}
	EndProjectSection
EndProject
Project("{8BC9CEB8-8B4A-11D0-8D11-00A0C91BC942}") = "Nightly", "Nightly.vcxproj", "{7D755A9B-64AF-3D8C-A3E3-EB85DD74090A}"
	ProjectSection(ProjectDependencies) = postProject
		{475F7B04-CB66-362D-8B84-4B60A20D6CBC} = {475F7B04-CB66-362D-8B84-4B60A20D6CBC}
	EndProjectSection
EndProject
Project("{8BC9CEB8-8B4A-11D0-8D11-00A0C91BC942}") = "NightlyMemoryCheck", "NightlyMemoryCheck.vcxproj", "{FFE6240A-4F3C-3D0F-A79A-F0A70BCF4B08}"
	ProjectSection(ProjectDependencies) = postProject
		{475F7B04-CB66-362D-8B84-4B60A20D6CBC} = {475F7B04-CB66-362D-8B84-4B60A20D6CBC}
	EndProjectSection
EndProject
Project("{8BC9CEB8-8B4A-11D0-8D11-00A0C91BC942}") = "RUN_TESTS", "RUN_TESTS.vcxproj", "{0C2B7C30-AE29-3565-95B9-3530FD791341}"
	ProjectSection(ProjectDependencies) = postProject
		{475F7B04-CB66-362D-8B84-4B60A20D6CBC} = {475F7B04-CB66-362D-8B84-4B60A20D6CBC}
	EndProjectSection
EndProject
Project("{8BC9CEB8-8B4A-11D0-8D11-00A0C91BC942}") = "ZERO_CHECK", "ZERO_CHECK.vcxproj", "{475F7B04-CB66-362D-8B84-4B60A20D6CBC}"
	ProjectSection(ProjectDependencies) = postProject
	EndProjectSection
EndProject
Project("{8BC9CEB8-8B4A-11D0-8D11-00A0C91BC942}") = "aziotsharedutil", "c-utility\aziotsharedutil.vcxproj", "{2010C007-0609-3CC4-81BF-72F9D2FAD3AA}"
	ProjectSection(ProjectDependencies) = postProject
		{475F7B04-CB66-362D-8B84-4B60A20D6CBC} = {475F7B04-CB66-362D-8B84-4B60A20D6CBC}
	EndProjectSection
EndProject
Project("{8BC9CEB8-8B4A-11D0-8D11-00A0C91BC942}") = "digitaltwin_client", "digitaltwin_client\digitaltwin_client.vcxproj", "{DA3E4057-5B7C-3145-913B-64B4C32746DD}"
	ProjectSection(ProjectDependencies) = postProject
		{475F7B04-CB66-362D-8B84-4B60A20D6CBC} = {475F7B04-CB66-362D-8B84-4B60A20D6CBC}
		{2010C007-0609-3CC4-81BF-72F9D2FAD3AA} = {2010C007-0609-3CC4-81BF-72F9D2FAD3AA}
		{2F829B11-7DF6-3794-BA0A-202CF6A831D4} = {2F829B11-7DF6-3794-BA0A-202CF6A831D4}
	EndProjectSection
EndProject
Project("{8BC9CEB8-8B4A-11D0-8D11-00A0C91BC942}") = "hsm_security_client", "provisioning_client\hsm_security_client.vcxproj", "{0015C238-38B4-3C95-A557-C8B56A95F202}"
	ProjectSection(ProjectDependencies) = postProject
		{475F7B04-CB66-362D-8B84-4B60A20D6CBC} = {475F7B04-CB66-362D-8B84-4B60A20D6CBC}
		{2010C007-0609-3CC4-81BF-72F9D2FAD3AA} = {2010C007-0609-3CC4-81BF-72F9D2FAD3AA}
		{9D9FF203-0CF4-38A2-9FC2-158A5514EC39} = {9D9FF203-0CF4-38A2-9FC2-158A5514EC39}
		{43F77EA5-0889-3B10-86A8-AF93255B6EB7} = {43F77EA5-0889-3B10-86A8-AF93255B6EB7}
	EndProjectSection
EndProject
Project("{8BC9CEB8-8B4A-11D0-8D11-00A0C91BC942}") = "iothub_client", "iothub_client\iothub_client.vcxproj", "{8302C144-F92C-3AD1-A757-31B2D16C8FF5}"
	ProjectSection(ProjectDependencies) = postProject
		{475F7B04-CB66-362D-8B84-4B60A20D6CBC} = {475F7B04-CB66-362D-8B84-4B60A20D6CBC}
		{2010C007-0609-3CC4-81BF-72F9D2FAD3AA} = {2010C007-0609-3CC4-81BF-72F9D2FAD3AA}
		{0015C238-38B4-3C95-A557-C8B56A95F202} = {0015C238-38B4-3C95-A557-C8B56A95F202}
		{94172842-30FF-36D7-AA61-15C1755213D9} = {94172842-30FF-36D7-AA61-15C1755213D9}
		{78ADDFC8-0578-3E6D-9D9A-1A0AEB4A310A} = {78ADDFC8-0578-3E6D-9D9A-1A0AEB4A310A}
		{BC98FD35-69F2-37CB-9203-3F9849953EC7} = {BC98FD35-69F2-37CB-9203-3F9849953EC7}
		{F8B01DBB-40AF-3210-8F1C-1AB37EC43267} = {F8B01DBB-40AF-3210-8F1C-1AB37EC43267}
		{6C61DCF1-DE77-3C62-B553-FAC31C84E27D} = {6C61DCF1-DE77-3C62-B553-FAC31C84E27D}
		{9D9FF203-0CF4-38A2-9FC2-158A5514EC39} = {9D9FF203-0CF4-38A2-9FC2-158A5514EC39}
		{2F829B11-7DF6-3794-BA0A-202CF6A831D4} = {2F829B11-7DF6-3794-BA0A-202CF6A831D4}
		{4D16A2BA-7083-3582-AFC1-61FE8B0032CB} = {4D16A2BA-7083-3582-AFC1-61FE8B0032CB}
		{060E026C-FC10-3E67-BD5C-21822853C331} = {060E026C-FC10-3E67-BD5C-21822853C331}
		{43F77EA5-0889-3B10-86A8-AF93255B6EB7} = {43F77EA5-0889-3B10-86A8-AF93255B6EB7}
	EndProjectSection
EndProject
Project("{8BC9CEB8-8B4A-11D0-8D11-00A0C91BC942}") = "iothub_client_amqp_transport", "iothub_client\iothub_client_amqp_transport.vcxproj", "{94172842-30FF-36D7-AA61-15C1755213D9}"
	ProjectSection(ProjectDependencies) = postProject
		{475F7B04-CB66-362D-8B84-4B60A20D6CBC} = {475F7B04-CB66-362D-8B84-4B60A20D6CBC}
		{2010C007-0609-3CC4-81BF-72F9D2FAD3AA} = {2010C007-0609-3CC4-81BF-72F9D2FAD3AA}
	EndProjectSection
EndProject
Project("{8BC9CEB8-8B4A-11D0-8D11-00A0C91BC942}") = "iothub_client_amqp_ws_transport", "iothub_client\iothub_client_amqp_ws_transport.vcxproj", "{78ADDFC8-0578-3E6D-9D9A-1A0AEB4A310A}"
	ProjectSection(ProjectDependencies) = postProject
		{475F7B04-CB66-362D-8B84-4B60A20D6CBC} = {475F7B04-CB66-362D-8B84-4B60A20D6CBC}
		{2010C007-0609-3CC4-81BF-72F9D2FAD3AA} = {2010C007-0609-3CC4-81BF-72F9D2FAD3AA}
	EndProjectSection
EndProject
Project("{8BC9CEB8-8B4A-11D0-8D11-00A0C91BC942}") = "iothub_client_http_transport", "iothub_client\iothub_client_http_transport.vcxproj", "{BC98FD35-69F2-37CB-9203-3F9849953EC7}"
	ProjectSection(ProjectDependencies) = postProject
		{475F7B04-CB66-362D-8B84-4B60A20D6CBC} = {475F7B04-CB66-362D-8B84-4B60A20D6CBC}
		{2010C007-0609-3CC4-81BF-72F9D2FAD3AA} = {2010C007-0609-3CC4-81BF-72F9D2FAD3AA}
	EndProjectSection
EndProject
Project("{8BC9CEB8-8B4A-11D0-8D11-00A0C91BC942}") = "iothub_client_mqtt_transport", "iothub_client\iothub_client_mqtt_transport.vcxproj", "{F8B01DBB-40AF-3210-8F1C-1AB37EC43267}"
	ProjectSection(ProjectDependencies) = postProject
		{475F7B04-CB66-362D-8B84-4B60A20D6CBC} = {475F7B04-CB66-362D-8B84-4B60A20D6CBC}
		{2010C007-0609-3CC4-81BF-72F9D2FAD3AA} = {2010C007-0609-3CC4-81BF-72F9D2FAD3AA}
		{060E026C-FC10-3E67-BD5C-21822853C331} = {060E026C-FC10-3E67-BD5C-21822853C331}
	EndProjectSection
EndProject
Project("{8BC9CEB8-8B4A-11D0-8D11-00A0C91BC942}") = "iothub_client_mqtt_ws_transport", "iothub_client\iothub_client_mqtt_ws_transport.vcxproj", "{6C61DCF1-DE77-3C62-B553-FAC31C84E27D}"
	ProjectSection(ProjectDependencies) = postProject
		{475F7B04-CB66-362D-8B84-4B60A20D6CBC} = {475F7B04-CB66-362D-8B84-4B60A20D6CBC}
		{2010C007-0609-3CC4-81BF-72F9D2FAD3AA} = {2010C007-0609-3CC4-81BF-72F9D2FAD3AA}
		{060E026C-FC10-3E67-BD5C-21822853C331} = {060E026C-FC10-3E67-BD5C-21822853C331}
	EndProjectSection
EndProject
Project("{8BC9CEB8-8B4A-11D0-8D11-00A0C91BC942}") = "iothub_service_client", "iothub_service_client\iothub_service_client.vcxproj", "{FB931464-4A26-3157-94D8-47288AEB8077}"
	ProjectSection(ProjectDependencies) = postProject
		{475F7B04-CB66-362D-8B84-4B60A20D6CBC} = {475F7B04-CB66-362D-8B84-4B60A20D6CBC}
		{2010C007-0609-3CC4-81BF-72F9D2FAD3AA} = {2010C007-0609-3CC4-81BF-72F9D2FAD3AA}
		{2F829B11-7DF6-3794-BA0A-202CF6A831D4} = {2F829B11-7DF6-3794-BA0A-202CF6A831D4}
		{8A149D48-CECB-379B-B5BB-F2874A735F59} = {8A149D48-CECB-379B-B5BB-F2874A735F59}
	EndProjectSection
EndProject
Project("{8BC9CEB8-8B4A-11D0-8D11-00A0C91BC942}") = "msr_riot", "provisioning_client\deps\msr_riot.vcxproj", "{9D9FF203-0CF4-38A2-9FC2-158A5514EC39}"
	ProjectSection(ProjectDependencies) = postProject
		{475F7B04-CB66-362D-8B84-4B60A20D6CBC} = {475F7B04-CB66-362D-8B84-4B60A20D6CBC}
	EndProjectSection
EndProject
Project("{8BC9CEB8-8B4A-11D0-8D11-00A0C91BC942}") = "parson", "parson.vcxproj", "{2F829B11-7DF6-3794-BA0A-202CF6A831D4}"
	ProjectSection(ProjectDependencies) = postProject
		{475F7B04-CB66-362D-8B84-4B60A20D6CBC} = {475F7B04-CB66-362D-8B84-4B60A20D6CBC}
	EndProjectSection
EndProject
Project("{8BC9CEB8-8B4A-11D0-8D11-00A0C91BC942}") = "prov_amqp_transport", "provisioning_client\prov_amqp_transport.vcxproj", "{794C7F11-57C5-3A4E-BDA5-4AA053AFEA01}"
	ProjectSection(ProjectDependencies) = postProject
		{475F7B04-CB66-362D-8B84-4B60A20D6CBC} = {475F7B04-CB66-362D-8B84-4B60A20D6CBC}
		{2010C007-0609-3CC4-81BF-72F9D2FAD3AA} = {2010C007-0609-3CC4-81BF-72F9D2FAD3AA}
		{8A149D48-CECB-379B-B5BB-F2874A735F59} = {8A149D48-CECB-379B-B5BB-F2874A735F59}
	EndProjectSection
EndProject
Project("{8BC9CEB8-8B4A-11D0-8D11-00A0C91BC942}") = "prov_amqp_ws_transport", "provisioning_client\prov_amqp_ws_transport.vcxproj", "{79771DF6-AECE-3585-AA6B-9E1394079152}"
	ProjectSection(ProjectDependencies) = postProject
		{475F7B04-CB66-362D-8B84-4B60A20D6CBC} = {475F7B04-CB66-362D-8B84-4B60A20D6CBC}
		{2010C007-0609-3CC4-81BF-72F9D2FAD3AA} = {2010C007-0609-3CC4-81BF-72F9D2FAD3AA}
		{8A149D48-CECB-379B-B5BB-F2874A735F59} = {8A149D48-CECB-379B-B5BB-F2874A735F59}
	EndProjectSection
EndProject
Project("{8BC9CEB8-8B4A-11D0-8D11-00A0C91BC942}") = "prov_auth_client", "provisioning_client\prov_auth_client.vcxproj", "{4D16A2BA-7083-3582-AFC1-61FE8B0032CB}"
	ProjectSection(ProjectDependencies) = postProject
		{475F7B04-CB66-362D-8B84-4B60A20D6CBC} = {475F7B04-CB66-362D-8B84-4B60A20D6CBC}
		{2010C007-0609-3CC4-81BF-72F9D2FAD3AA} = {2010C007-0609-3CC4-81BF-72F9D2FAD3AA}
		{0015C238-38B4-3C95-A557-C8B56A95F202} = {0015C238-38B4-3C95-A557-C8B56A95F202}
		{9D9FF203-0CF4-38A2-9FC2-158A5514EC39} = {9D9FF203-0CF4-38A2-9FC2-158A5514EC39}
		{43F77EA5-0889-3B10-86A8-AF93255B6EB7} = {43F77EA5-0889-3B10-86A8-AF93255B6EB7}
	EndProjectSection
EndProject
Project("{8BC9CEB8-8B4A-11D0-8D11-00A0C91BC942}") = "prov_device_client", "provisioning_client\prov_device_client.vcxproj", "{3F792E1B-20B2-3846-AC77-DE7372316B30}"
	ProjectSection(ProjectDependencies) = postProject
		{475F7B04-CB66-362D-8B84-4B60A20D6CBC} = {475F7B04-CB66-362D-8B84-4B60A20D6CBC}
		{2010C007-0609-3CC4-81BF-72F9D2FAD3AA} = {2010C007-0609-3CC4-81BF-72F9D2FAD3AA}
		{0015C238-38B4-3C95-A557-C8B56A95F202} = {0015C238-38B4-3C95-A557-C8B56A95F202}
		{9D9FF203-0CF4-38A2-9FC2-158A5514EC39} = {9D9FF203-0CF4-38A2-9FC2-158A5514EC39}
		{2F829B11-7DF6-3794-BA0A-202CF6A831D4} = {2F829B11-7DF6-3794-BA0A-202CF6A831D4}
		{4D16A2BA-7083-3582-AFC1-61FE8B0032CB} = {4D16A2BA-7083-3582-AFC1-61FE8B0032CB}
		{8C24E8C9-0AA5-3D2B-8869-68CB813210EB} = {8C24E8C9-0AA5-3D2B-8869-68CB813210EB}
		{43F77EA5-0889-3B10-86A8-AF93255B6EB7} = {43F77EA5-0889-3B10-86A8-AF93255B6EB7}
	EndProjectSection
EndProject
Project("{8BC9CEB8-8B4A-11D0-8D11-00A0C91BC942}") = "prov_device_ll_client", "provisioning_client\prov_device_ll_client.vcxproj", "{8C24E8C9-0AA5-3D2B-8869-68CB813210EB}"
	ProjectSection(ProjectDependencies) = postProject
		{475F7B04-CB66-362D-8B84-4B60A20D6CBC} = {475F7B04-CB66-362D-8B84-4B60A20D6CBC}
		{2010C007-0609-3CC4-81BF-72F9D2FAD3AA} = {2010C007-0609-3CC4-81BF-72F9D2FAD3AA}
		{0015C238-38B4-3C95-A557-C8B56A95F202} = {0015C238-38B4-3C95-A557-C8B56A95F202}
		{9D9FF203-0CF4-38A2-9FC2-158A5514EC39} = {9D9FF203-0CF4-38A2-9FC2-158A5514EC39}
		{2F829B11-7DF6-3794-BA0A-202CF6A831D4} = {2F829B11-7DF6-3794-BA0A-202CF6A831D4}
		{4D16A2BA-7083-3582-AFC1-61FE8B0032CB} = {4D16A2BA-7083-3582-AFC1-61FE8B0032CB}
		{43F77EA5-0889-3B10-86A8-AF93255B6EB7} = {43F77EA5-0889-3B10-86A8-AF93255B6EB7}
	EndProjectSection
EndProject
Project("{8BC9CEB8-8B4A-11D0-8D11-00A0C91BC942}") = "prov_http_transport", "provisioning_client\prov_http_transport.vcxproj", "{D84FE449-6994-3C0B-A2C8-94A8F4898423}"
	ProjectSection(ProjectDependencies) = postProject
		{475F7B04-CB66-362D-8B84-4B60A20D6CBC} = {475F7B04-CB66-362D-8B84-4B60A20D6CBC}
		{2010C007-0609-3CC4-81BF-72F9D2FAD3AA} = {2010C007-0609-3CC4-81BF-72F9D2FAD3AA}
		{14F4C570-BE85-3B36-9A54-66308ADB244B} = {14F4C570-BE85-3B36-9A54-66308ADB244B}
	EndProjectSection
EndProject
Project("{8BC9CEB8-8B4A-11D0-8D11-00A0C91BC942}") = "prov_mqtt_transport", "provisioning_client\prov_mqtt_transport.vcxproj", "{5AF21C2F-E398-39F8-8160-E0D90A8F532B}"
	ProjectSection(ProjectDependencies) = postProject
		{475F7B04-CB66-362D-8B84-4B60A20D6CBC} = {475F7B04-CB66-362D-8B84-4B60A20D6CBC}
		{2010C007-0609-3CC4-81BF-72F9D2FAD3AA} = {2010C007-0609-3CC4-81BF-72F9D2FAD3AA}
		{060E026C-FC10-3E67-BD5C-21822853C331} = {060E026C-FC10-3E67-BD5C-21822853C331}
	EndProjectSection
EndProject
Project("{8BC9CEB8-8B4A-11D0-8D11-00A0C91BC942}") = "prov_mqtt_ws_transport", "provisioning_client\prov_mqtt_ws_transport.vcxproj", "{55551606-6381-3F25-90BB-5D977578112F}"
	ProjectSection(ProjectDependencies) = postProject
		{475F7B04-CB66-362D-8B84-4B60A20D6CBC} = {475F7B04-CB66-362D-8B84-4B60A20D6CBC}
		{2010C007-0609-3CC4-81BF-72F9D2FAD3AA} = {2010C007-0609-3CC4-81BF-72F9D2FAD3AA}
		{060E026C-FC10-3E67-BD5C-21822853C331} = {060E026C-FC10-3E67-BD5C-21822853C331}
	EndProjectSection
EndProject
Project("{8BC9CEB8-8B4A-11D0-8D11-00A0C91BC942}") = "provisioning_service_client", "provisioning_service_client\provisioning_service_client.vcxproj", "{567022FD-20A0-3720-8E2F-5C519052FBDD}"
	ProjectSection(ProjectDependencies) = postProject
		{475F7B04-CB66-362D-8B84-4B60A20D6CBC} = {475F7B04-CB66-362D-8B84-4B60A20D6CBC}
		{2010C007-0609-3CC4-81BF-72F9D2FAD3AA} = {2010C007-0609-3CC4-81BF-72F9D2FAD3AA}
		{2F829B11-7DF6-3794-BA0A-202CF6A831D4} = {2F829B11-7DF6-3794-BA0A-202CF6A831D4}
		{14F4C570-BE85-3B36-9A54-66308ADB244B} = {14F4C570-BE85-3B36-9A54-66308ADB244B}
	EndProjectSection
EndProject
Project("{8BC9CEB8-8B4A-11D0-8D11-00A0C91BC942}") = "sensor_app", "pnp_app\sensor_app\sensor_app.vcxproj", "{F0419E06-32DE-3409-A0CB-CBD61ACC72E9}"
	ProjectSection(ProjectDependencies) = postProject
		{475F7B04-CB66-362D-8B84-4B60A20D6CBC} = {475F7B04-CB66-362D-8B84-4B60A20D6CBC}
		{2010C007-0609-3CC4-81BF-72F9D2FAD3AA} = {2010C007-0609-3CC4-81BF-72F9D2FAD3AA}
		{DA3E4057-5B7C-3145-913B-64B4C32746DD} = {DA3E4057-5B7C-3145-913B-64B4C32746DD}
		{0015C238-38B4-3C95-A557-C8B56A95F202} = {0015C238-38B4-3C95-A557-C8B56A95F202}
		{8302C144-F92C-3AD1-A757-31B2D16C8FF5} = {8302C144-F92C-3AD1-A757-31B2D16C8FF5}
		{94172842-30FF-36D7-AA61-15C1755213D9} = {94172842-30FF-36D7-AA61-15C1755213D9}
		{78ADDFC8-0578-3E6D-9D9A-1A0AEB4A310A} = {78ADDFC8-0578-3E6D-9D9A-1A0AEB4A310A}
		{BC98FD35-69F2-37CB-9203-3F9849953EC7} = {BC98FD35-69F2-37CB-9203-3F9849953EC7}
		{F8B01DBB-40AF-3210-8F1C-1AB37EC43267} = {F8B01DBB-40AF-3210-8F1C-1AB37EC43267}
		{6C61DCF1-DE77-3C62-B553-FAC31C84E27D} = {6C61DCF1-DE77-3C62-B553-FAC31C84E27D}
		{9D9FF203-0CF4-38A2-9FC2-158A5514EC39} = {9D9FF203-0CF4-38A2-9FC2-158A5514EC39}
		{2F829B11-7DF6-3794-BA0A-202CF6A831D4} = {2F829B11-7DF6-3794-BA0A-202CF6A831D4}
		{4D16A2BA-7083-3582-AFC1-61FE8B0032CB} = {4D16A2BA-7083-3582-AFC1-61FE8B0032CB}
		{060E026C-FC10-3E67-BD5C-21822853C331} = {060E026C-FC10-3E67-BD5C-21822853C331}
		{43F77EA5-0889-3B10-86A8-AF93255B6EB7} = {43F77EA5-0889-3B10-86A8-AF93255B6EB7}
	EndProjectSection
EndProject
Project("{8BC9CEB8-8B4A-11D0-8D11-00A0C91BC942}") = "serializer", "serializer\serializer.vcxproj", "{DAE94BEA-5FA5-385A-A58C-F424BB981938}"
	ProjectSection(ProjectDependencies) = postProject
		{475F7B04-CB66-362D-8B84-4B60A20D6CBC} = {475F7B04-CB66-362D-8B84-4B60A20D6CBC}
		{2F829B11-7DF6-3794-BA0A-202CF6A831D4} = {2F829B11-7DF6-3794-BA0A-202CF6A831D4}
	EndProjectSection
EndProject
Project("{8BC9CEB8-8B4A-11D0-8D11-00A0C91BC942}") = "uamqp", "uamqp\uamqp.vcxproj", "{8A149D48-CECB-379B-B5BB-F2874A735F59}"
	ProjectSection(ProjectDependencies) = postProject
		{475F7B04-CB66-362D-8B84-4B60A20D6CBC} = {475F7B04-CB66-362D-8B84-4B60A20D6CBC}
		{2010C007-0609-3CC4-81BF-72F9D2FAD3AA} = {2010C007-0609-3CC4-81BF-72F9D2FAD3AA}
	EndProjectSection
EndProject
Project("{8BC9CEB8-8B4A-11D0-8D11-00A0C91BC942}") = "uhttp", "deps\uhttp\uhttp.vcxproj", "{14F4C570-BE85-3B36-9A54-66308ADB244B}"
	ProjectSection(ProjectDependencies) = postProject
		{475F7B04-CB66-362D-8B84-4B60A20D6CBC} = {475F7B04-CB66-362D-8B84-4B60A20D6CBC}
		{2010C007-0609-3CC4-81BF-72F9D2FAD3AA} = {2010C007-0609-3CC4-81BF-72F9D2FAD3AA}
	EndProjectSection
EndProject
Project("{8BC9CEB8-8B4A-11D0-8D11-00A0C91BC942}") = "umock_c", "deps\umock-c\umock_c.vcxproj", "{0A6FAA47-5BF9-362D-B28B-6D0B13406A32}"
	ProjectSection(ProjectDependencies) = postProject
		{475F7B04-CB66-362D-8B84-4B60A20D6CBC} = {475F7B04-CB66-362D-8B84-4B60A20D6CBC}
	EndProjectSection
EndProject
Project("{8BC9CEB8-8B4A-11D0-8D11-00A0C91BC942}") = "umqtt", "umqtt\umqtt.vcxproj", "{060E026C-FC10-3E67-BD5C-21822853C331}"
	ProjectSection(ProjectDependencies) = postProject
		{475F7B04-CB66-362D-8B84-4B60A20D6CBC} = {475F7B04-CB66-362D-8B84-4B60A20D6CBC}
		{2010C007-0609-3CC4-81BF-72F9D2FAD3AA} = {2010C007-0609-3CC4-81BF-72F9D2FAD3AA}
	EndProjectSection
EndProject
Project("{8BC9CEB8-8B4A-11D0-8D11-00A0C91BC942}") = "utpm", "provisioning_client\deps\utpm\utpm.vcxproj", "{43F77EA5-0889-3B10-86A8-AF93255B6EB7}"
	ProjectSection(ProjectDependencies) = postProject
		{475F7B04-CB66-362D-8B84-4B60A20D6CBC} = {475F7B04-CB66-362D-8B84-4B60A20D6CBC}
		{2010C007-0609-3CC4-81BF-72F9D2FAD3AA} = {2010C007-0609-3CC4-81BF-72F9D2FAD3AA}
	EndProjectSection
EndProject
Global
	GlobalSection(SolutionConfigurationPlatforms) = preSolution
		Debug|Win32 = Debug|Win32
		Release|Win32 = Release|Win32
		MinSizeRel|Win32 = MinSizeRel|Win32
		RelWithDebInfo|Win32 = RelWithDebInfo|Win32
	EndGlobalSection
	GlobalSection(ProjectConfigurationPlatforms) = postSolution
		{B3838A40-47D9-3608-A84E-654553CEAAC8}.Debug|Win32.ActiveCfg = Debug|Win32
		{B3838A40-47D9-3608-A84E-654553CEAAC8}.Debug|Win32.Build.0 = Debug|Win32
		{B3838A40-47D9-3608-A84E-654553CEAAC8}.Release|Win32.ActiveCfg = Release|Win32
		{B3838A40-47D9-3608-A84E-654553CEAAC8}.Release|Win32.Build.0 = Release|Win32
		{B3838A40-47D9-3608-A84E-654553CEAAC8}.MinSizeRel|Win32.ActiveCfg = MinSizeRel|Win32
		{B3838A40-47D9-3608-A84E-654553CEAAC8}.MinSizeRel|Win32.Build.0 = MinSizeRel|Win32
		{B3838A40-47D9-3608-A84E-654553CEAAC8}.RelWithDebInfo|Win32.ActiveCfg = RelWithDebInfo|Win32
		{B3838A40-47D9-3608-A84E-654553CEAAC8}.RelWithDebInfo|Win32.Build.0 = RelWithDebInfo|Win32
		{57DAE682-22FA-3C30-A42C-CF7EC9B7B96B}.Debug|Win32.ActiveCfg = Debug|Win32
		{57DAE682-22FA-3C30-A42C-CF7EC9B7B96B}.Release|Win32.ActiveCfg = Release|Win32
		{57DAE682-22FA-3C30-A42C-CF7EC9B7B96B}.MinSizeRel|Win32.ActiveCfg = MinSizeRel|Win32
		{57DAE682-22FA-3C30-A42C-CF7EC9B7B96B}.RelWithDebInfo|Win32.ActiveCfg = RelWithDebInfo|Win32
		{1FEFCD91-EEF8-3DD9-B6C8-FE26BF6543AB}.Debug|Win32.ActiveCfg = Debug|Win32
		{1FEFCD91-EEF8-3DD9-B6C8-FE26BF6543AB}.Release|Win32.ActiveCfg = Release|Win32
		{1FEFCD91-EEF8-3DD9-B6C8-FE26BF6543AB}.MinSizeRel|Win32.ActiveCfg = MinSizeRel|Win32
		{1FEFCD91-EEF8-3DD9-B6C8-FE26BF6543AB}.RelWithDebInfo|Win32.ActiveCfg = RelWithDebInfo|Win32
		{6DA179EB-A494-3E30-A2AB-BDA222B9E14E}.Debug|Win32.ActiveCfg = Debug|Win32
		{6DA179EB-A494-3E30-A2AB-BDA222B9E14E}.Release|Win32.ActiveCfg = Release|Win32
		{6DA179EB-A494-3E30-A2AB-BDA222B9E14E}.MinSizeRel|Win32.ActiveCfg = MinSizeRel|Win32
		{6DA179EB-A494-3E30-A2AB-BDA222B9E14E}.RelWithDebInfo|Win32.ActiveCfg = RelWithDebInfo|Win32
		{7D755A9B-64AF-3D8C-A3E3-EB85DD74090A}.Debug|Win32.ActiveCfg = Debug|Win32
		{7D755A9B-64AF-3D8C-A3E3-EB85DD74090A}.Release|Win32.ActiveCfg = Release|Win32
		{7D755A9B-64AF-3D8C-A3E3-EB85DD74090A}.MinSizeRel|Win32.ActiveCfg = MinSizeRel|Win32
		{7D755A9B-64AF-3D8C-A3E3-EB85DD74090A}.RelWithDebInfo|Win32.ActiveCfg = RelWithDebInfo|Win32
		{FFE6240A-4F3C-3D0F-A79A-F0A70BCF4B08}.Debug|Win32.ActiveCfg = Debug|Win32
		{FFE6240A-4F3C-3D0F-A79A-F0A70BCF4B08}.Release|Win32.ActiveCfg = Release|Win32
		{FFE6240A-4F3C-3D0F-A79A-F0A70BCF4B08}.MinSizeRel|Win32.ActiveCfg = MinSizeRel|Win32
		{FFE6240A-4F3C-3D0F-A79A-F0A70BCF4B08}.RelWithDebInfo|Win32.ActiveCfg = RelWithDebInfo|Win32
		{0C2B7C30-AE29-3565-95B9-3530FD791341}.Debug|Win32.ActiveCfg = Debug|Win32
		{0C2B7C30-AE29-3565-95B9-3530FD791341}.Release|Win32.ActiveCfg = Release|Win32
		{0C2B7C30-AE29-3565-95B9-3530FD791341}.MinSizeRel|Win32.ActiveCfg = MinSizeRel|Win32
		{0C2B7C30-AE29-3565-95B9-3530FD791341}.RelWithDebInfo|Win32.ActiveCfg = RelWithDebInfo|Win32
		{475F7B04-CB66-362D-8B84-4B60A20D6CBC}.Debug|Win32.ActiveCfg = Debug|Win32
		{475F7B04-CB66-362D-8B84-4B60A20D6CBC}.Debug|Win32.Build.0 = Debug|Win32
		{475F7B04-CB66-362D-8B84-4B60A20D6CBC}.Release|Win32.ActiveCfg = Release|Win32
		{475F7B04-CB66-362D-8B84-4B60A20D6CBC}.Release|Win32.Build.0 = Release|Win32
		{475F7B04-CB66-362D-8B84-4B60A20D6CBC}.MinSizeRel|Win32.ActiveCfg = MinSizeRel|Win32
		{475F7B04-CB66-362D-8B84-4B60A20D6CBC}.MinSizeRel|Win32.Build.0 = MinSizeRel|Win32
		{475F7B04-CB66-362D-8B84-4B60A20D6CBC}.RelWithDebInfo|Win32.ActiveCfg = RelWithDebInfo|Win32
		{475F7B04-CB66-362D-8B84-4B60A20D6CBC}.RelWithDebInfo|Win32.Build.0 = RelWithDebInfo|Win32
		{2010C007-0609-3CC4-81BF-72F9D2FAD3AA}.Debug|Win32.ActiveCfg = Debug|Win32
		{2010C007-0609-3CC4-81BF-72F9D2FAD3AA}.Debug|Win32.Build.0 = Debug|Win32
		{2010C007-0609-3CC4-81BF-72F9D2FAD3AA}.Release|Win32.ActiveCfg = Release|Win32
		{2010C007-0609-3CC4-81BF-72F9D2FAD3AA}.Release|Win32.Build.0 = Release|Win32
		{2010C007-0609-3CC4-81BF-72F9D2FAD3AA}.MinSizeRel|Win32.ActiveCfg = MinSizeRel|Win32
		{2010C007-0609-3CC4-81BF-72F9D2FAD3AA}.MinSizeRel|Win32.Build.0 = MinSizeRel|Win32
		{2010C007-0609-3CC4-81BF-72F9D2FAD3AA}.RelWithDebInfo|Win32.ActiveCfg = RelWithDebInfo|Win32
		{2010C007-0609-3CC4-81BF-72F9D2FAD3AA}.RelWithDebInfo|Win32.Build.0 = RelWithDebInfo|Win32
		{DA3E4057-5B7C-3145-913B-64B4C32746DD}.Debug|Win32.ActiveCfg = Debug|Win32
		{DA3E4057-5B7C-3145-913B-64B4C32746DD}.Debug|Win32.Build.0 = Debug|Win32
		{DA3E4057-5B7C-3145-913B-64B4C32746DD}.Release|Win32.ActiveCfg = Release|Win32
		{DA3E4057-5B7C-3145-913B-64B4C32746DD}.Release|Win32.Build.0 = Release|Win32
		{DA3E4057-5B7C-3145-913B-64B4C32746DD}.MinSizeRel|Win32.ActiveCfg = MinSizeRel|Win32
		{DA3E4057-5B7C-3145-913B-64B4C32746DD}.MinSizeRel|Win32.Build.0 = MinSizeRel|Win32
		{DA3E4057-5B7C-3145-913B-64B4C32746DD}.RelWithDebInfo|Win32.ActiveCfg = RelWithDebInfo|Win32
		{DA3E4057-5B7C-3145-913B-64B4C32746DD}.RelWithDebInfo|Win32.Build.0 = RelWithDebInfo|Win32
		{0015C238-38B4-3C95-A557-C8B56A95F202}.Debug|Win32.ActiveCfg = Debug|Win32
		{0015C238-38B4-3C95-A557-C8B56A95F202}.Debug|Win32.Build.0 = Debug|Win32
		{0015C238-38B4-3C95-A557-C8B56A95F202}.Release|Win32.ActiveCfg = Release|Win32
		{0015C238-38B4-3C95-A557-C8B56A95F202}.Release|Win32.Build.0 = Release|Win32
		{0015C238-38B4-3C95-A557-C8B56A95F202}.MinSizeRel|Win32.ActiveCfg = MinSizeRel|Win32
		{0015C238-38B4-3C95-A557-C8B56A95F202}.MinSizeRel|Win32.Build.0 = MinSizeRel|Win32
		{0015C238-38B4-3C95-A557-C8B56A95F202}.RelWithDebInfo|Win32.ActiveCfg = RelWithDebInfo|Win32
		{0015C238-38B4-3C95-A557-C8B56A95F202}.RelWithDebInfo|Win32.Build.0 = RelWithDebInfo|Win32
		{8302C144-F92C-3AD1-A757-31B2D16C8FF5}.Debug|Win32.ActiveCfg = Debug|Win32
		{8302C144-F92C-3AD1-A757-31B2D16C8FF5}.Debug|Win32.Build.0 = Debug|Win32
		{8302C144-F92C-3AD1-A757-31B2D16C8FF5}.Release|Win32.ActiveCfg = Release|Win32
		{8302C144-F92C-3AD1-A757-31B2D16C8FF5}.Release|Win32.Build.0 = Release|Win32
		{8302C144-F92C-3AD1-A757-31B2D16C8FF5}.MinSizeRel|Win32.ActiveCfg = MinSizeRel|Win32
		{8302C144-F92C-3AD1-A757-31B2D16C8FF5}.MinSizeRel|Win32.Build.0 = MinSizeRel|Win32
		{8302C144-F92C-3AD1-A757-31B2D16C8FF5}.RelWithDebInfo|Win32.ActiveCfg = RelWithDebInfo|Win32
		{8302C144-F92C-3AD1-A757-31B2D16C8FF5}.RelWithDebInfo|Win32.Build.0 = RelWithDebInfo|Win32
		{94172842-30FF-36D7-AA61-15C1755213D9}.Debug|Win32.ActiveCfg = Debug|Win32
		{94172842-30FF-36D7-AA61-15C1755213D9}.Debug|Win32.Build.0 = Debug|Win32
		{94172842-30FF-36D7-AA61-15C1755213D9}.Release|Win32.ActiveCfg = Release|Win32
		{94172842-30FF-36D7-AA61-15C1755213D9}.Release|Win32.Build.0 = Release|Win32
		{94172842-30FF-36D7-AA61-15C1755213D9}.MinSizeRel|Win32.ActiveCfg = MinSizeRel|Win32
		{94172842-30FF-36D7-AA61-15C1755213D9}.MinSizeRel|Win32.Build.0 = MinSizeRel|Win32
		{94172842-30FF-36D7-AA61-15C1755213D9}.RelWithDebInfo|Win32.ActiveCfg = RelWithDebInfo|Win32
		{94172842-30FF-36D7-AA61-15C1755213D9}.RelWithDebInfo|Win32.Build.0 = RelWithDebInfo|Win32
		{78ADDFC8-0578-3E6D-9D9A-1A0AEB4A310A}.Debug|Win32.ActiveCfg = Debug|Win32
		{78ADDFC8-0578-3E6D-9D9A-1A0AEB4A310A}.Debug|Win32.Build.0 = Debug|Win32
		{78ADDFC8-0578-3E6D-9D9A-1A0AEB4A310A}.Release|Win32.ActiveCfg = Release|Win32
		{78ADDFC8-0578-3E6D-9D9A-1A0AEB4A310A}.Release|Win32.Build.0 = Release|Win32
		{78ADDFC8-0578-3E6D-9D9A-1A0AEB4A310A}.MinSizeRel|Win32.ActiveCfg = MinSizeRel|Win32
		{78ADDFC8-0578-3E6D-9D9A-1A0AEB4A310A}.MinSizeRel|Win32.Build.0 = MinSizeRel|Win32
		{78ADDFC8-0578-3E6D-9D9A-1A0AEB4A310A}.RelWithDebInfo|Win32.ActiveCfg = RelWithDebInfo|Win32
		{78ADDFC8-0578-3E6D-9D9A-1A0AEB4A310A}.RelWithDebInfo|Win32.Build.0 = RelWithDebInfo|Win32
		{BC98FD35-69F2-37CB-9203-3F9849953EC7}.Debug|Win32.ActiveCfg = Debug|Win32
		{BC98FD35-69F2-37CB-9203-3F9849953EC7}.Debug|Win32.Build.0 = Debug|Win32
		{BC98FD35-69F2-37CB-9203-3F9849953EC7}.Release|Win32.ActiveCfg = Release|Win32
		{BC98FD35-69F2-37CB-9203-3F9849953EC7}.Release|Win32.Build.0 = Release|Win32
		{BC98FD35-69F2-37CB-9203-3F9849953EC7}.MinSizeRel|Win32.ActiveCfg = MinSizeRel|Win32
		{BC98FD35-69F2-37CB-9203-3F9849953EC7}.MinSizeRel|Win32.Build.0 = MinSizeRel|Win32
		{BC98FD35-69F2-37CB-9203-3F9849953EC7}.RelWithDebInfo|Win32.ActiveCfg = RelWithDebInfo|Win32
		{BC98FD35-69F2-37CB-9203-3F9849953EC7}.RelWithDebInfo|Win32.Build.0 = RelWithDebInfo|Win32
		{F8B01DBB-40AF-3210-8F1C-1AB37EC43267}.Debug|Win32.ActiveCfg = Debug|Win32
		{F8B01DBB-40AF-3210-8F1C-1AB37EC43267}.Debug|Win32.Build.0 = Debug|Win32
		{F8B01DBB-40AF-3210-8F1C-1AB37EC43267}.Release|Win32.ActiveCfg = Release|Win32
		{F8B01DBB-40AF-3210-8F1C-1AB37EC43267}.Release|Win32.Build.0 = Release|Win32
		{F8B01DBB-40AF-3210-8F1C-1AB37EC43267}.MinSizeRel|Win32.ActiveCfg = MinSizeRel|Win32
		{F8B01DBB-40AF-3210-8F1C-1AB37EC43267}.MinSizeRel|Win32.Build.0 = MinSizeRel|Win32
		{F8B01DBB-40AF-3210-8F1C-1AB37EC43267}.RelWithDebInfo|Win32.ActiveCfg = RelWithDebInfo|Win32
		{F8B01DBB-40AF-3210-8F1C-1AB37EC43267}.RelWithDebInfo|Win32.Build.0 = RelWithDebInfo|Win32
		{6C61DCF1-DE77-3C62-B553-FAC31C84E27D}.Debug|Win32.ActiveCfg = Debug|Win32
		{6C61DCF1-DE77-3C62-B553-FAC31C84E27D}.Debug|Win32.Build.0 = Debug|Win32
		{6C61DCF1-DE77-3C62-B553-FAC31C84E27D}.Release|Win32.ActiveCfg = Release|Win32
		{6C61DCF1-DE77-3C62-B553-FAC31C84E27D}.Release|Win32.Build.0 = Release|Win32
		{6C61DCF1-DE77-3C62-B553-FAC31C84E27D}.MinSizeRel|Win32.ActiveCfg = MinSizeRel|Win32
		{6C61DCF1-DE77-3C62-B553-FAC31C84E27D}.MinSizeRel|Win32.Build.0 = MinSizeRel|Win32
		{6C61DCF1-DE77-3C62-B553-FAC31C84E27D}.RelWithDebInfo|Win32.ActiveCfg = RelWithDebInfo|Win32
		{6C61DCF1-DE77-3C62-B553-FAC31C84E27D}.RelWithDebInfo|Win32.Build.0 = RelWithDebInfo|Win32
		{FB931464-4A26-3157-94D8-47288AEB8077}.Debug|Win32.ActiveCfg = Debug|Win32
		{FB931464-4A26-3157-94D8-47288AEB8077}.Debug|Win32.Build.0 = Debug|Win32
		{FB931464-4A26-3157-94D8-47288AEB8077}.Release|Win32.ActiveCfg = Release|Win32
		{FB931464-4A26-3157-94D8-47288AEB8077}.Release|Win32.Build.0 = Release|Win32
		{FB931464-4A26-3157-94D8-47288AEB8077}.MinSizeRel|Win32.ActiveCfg = MinSizeRel|Win32
		{FB931464-4A26-3157-94D8-47288AEB8077}.MinSizeRel|Win32.Build.0 = MinSizeRel|Win32
		{FB931464-4A26-3157-94D8-47288AEB8077}.RelWithDebInfo|Win32.ActiveCfg = RelWithDebInfo|Win32
		{FB931464-4A26-3157-94D8-47288AEB8077}.RelWithDebInfo|Win32.Build.0 = RelWithDebInfo|Win32
		{9D9FF203-0CF4-38A2-9FC2-158A5514EC39}.Debug|Win32.ActiveCfg = Debug|Win32
		{9D9FF203-0CF4-38A2-9FC2-158A5514EC39}.Debug|Win32.Build.0 = Debug|Win32
		{9D9FF203-0CF4-38A2-9FC2-158A5514EC39}.Release|Win32.ActiveCfg = Release|Win32
		{9D9FF203-0CF4-38A2-9FC2-158A5514EC39}.Release|Win32.Build.0 = Release|Win32
		{9D9FF203-0CF4-38A2-9FC2-158A5514EC39}.MinSizeRel|Win32.ActiveCfg = MinSizeRel|Win32
		{9D9FF203-0CF4-38A2-9FC2-158A5514EC39}.MinSizeRel|Win32.Build.0 = MinSizeRel|Win32
		{9D9FF203-0CF4-38A2-9FC2-158A5514EC39}.RelWithDebInfo|Win32.ActiveCfg = RelWithDebInfo|Win32
		{9D9FF203-0CF4-38A2-9FC2-158A5514EC39}.RelWithDebInfo|Win32.Build.0 = RelWithDebInfo|Win32
		{2F829B11-7DF6-3794-BA0A-202CF6A831D4}.Debug|Win32.ActiveCfg = Debug|Win32
		{2F829B11-7DF6-3794-BA0A-202CF6A831D4}.Debug|Win32.Build.0 = Debug|Win32
		{2F829B11-7DF6-3794-BA0A-202CF6A831D4}.Release|Win32.ActiveCfg = Release|Win32
		{2F829B11-7DF6-3794-BA0A-202CF6A831D4}.Release|Win32.Build.0 = Release|Win32
		{2F829B11-7DF6-3794-BA0A-202CF6A831D4}.MinSizeRel|Win32.ActiveCfg = MinSizeRel|Win32
		{2F829B11-7DF6-3794-BA0A-202CF6A831D4}.MinSizeRel|Win32.Build.0 = MinSizeRel|Win32
		{2F829B11-7DF6-3794-BA0A-202CF6A831D4}.RelWithDebInfo|Win32.ActiveCfg = RelWithDebInfo|Win32
		{2F829B11-7DF6-3794-BA0A-202CF6A831D4}.RelWithDebInfo|Win32.Build.0 = RelWithDebInfo|Win32
		{794C7F11-57C5-3A4E-BDA5-4AA053AFEA01}.Debug|Win32.ActiveCfg = Debug|Win32
		{794C7F11-57C5-3A4E-BDA5-4AA053AFEA01}.Debug|Win32.Build.0 = Debug|Win32
		{794C7F11-57C5-3A4E-BDA5-4AA053AFEA01}.Release|Win32.ActiveCfg = Release|Win32
		{794C7F11-57C5-3A4E-BDA5-4AA053AFEA01}.Release|Win32.Build.0 = Release|Win32
		{794C7F11-57C5-3A4E-BDA5-4AA053AFEA01}.MinSizeRel|Win32.ActiveCfg = MinSizeRel|Win32
		{794C7F11-57C5-3A4E-BDA5-4AA053AFEA01}.MinSizeRel|Win32.Build.0 = MinSizeRel|Win32
		{794C7F11-57C5-3A4E-BDA5-4AA053AFEA01}.RelWithDebInfo|Win32.ActiveCfg = RelWithDebInfo|Win32
		{794C7F11-57C5-3A4E-BDA5-4AA053AFEA01}.RelWithDebInfo|Win32.Build.0 = RelWithDebInfo|Win32
		{79771DF6-AECE-3585-AA6B-9E1394079152}.Debug|Win32.ActiveCfg = Debug|Win32
		{79771DF6-AECE-3585-AA6B-9E1394079152}.Debug|Win32.Build.0 = Debug|Win32
		{79771DF6-AECE-3585-AA6B-9E1394079152}.Release|Win32.ActiveCfg = Release|Win32
		{79771DF6-AECE-3585-AA6B-9E1394079152}.Release|Win32.Build.0 = Release|Win32
		{79771DF6-AECE-3585-AA6B-9E1394079152}.MinSizeRel|Win32.ActiveCfg = MinSizeRel|Win32
		{79771DF6-AECE-3585-AA6B-9E1394079152}.MinSizeRel|Win32.Build.0 = MinSizeRel|Win32
		{79771DF6-AECE-3585-AA6B-9E1394079152}.RelWithDebInfo|Win32.ActiveCfg = RelWithDebInfo|Win32
		{79771DF6-AECE-3585-AA6B-9E1394079152}.RelWithDebInfo|Win32.Build.0 = RelWithDebInfo|Win32
		{4D16A2BA-7083-3582-AFC1-61FE8B0032CB}.Debug|Win32.ActiveCfg = Debug|Win32
		{4D16A2BA-7083-3582-AFC1-61FE8B0032CB}.Debug|Win32.Build.0 = Debug|Win32
		{4D16A2BA-7083-3582-AFC1-61FE8B0032CB}.Release|Win32.ActiveCfg = Release|Win32
		{4D16A2BA-7083-3582-AFC1-61FE8B0032CB}.Release|Win32.Build.0 = Release|Win32
		{4D16A2BA-7083-3582-AFC1-61FE8B0032CB}.MinSizeRel|Win32.ActiveCfg = MinSizeRel|Win32
		{4D16A2BA-7083-3582-AFC1-61FE8B0032CB}.MinSizeRel|Win32.Build.0 = MinSizeRel|Win32
		{4D16A2BA-7083-3582-AFC1-61FE8B0032CB}.RelWithDebInfo|Win32.ActiveCfg = RelWithDebInfo|Win32
		{4D16A2BA-7083-3582-AFC1-61FE8B0032CB}.RelWithDebInfo|Win32.Build.0 = RelWithDebInfo|Win32
		{3F792E1B-20B2-3846-AC77-DE7372316B30}.Debug|Win32.ActiveCfg = Debug|Win32
		{3F792E1B-20B2-3846-AC77-DE7372316B30}.Debug|Win32.Build.0 = Debug|Win32
		{3F792E1B-20B2-3846-AC77-DE7372316B30}.Release|Win32.ActiveCfg = Release|Win32
		{3F792E1B-20B2-3846-AC77-DE7372316B30}.Release|Win32.Build.0 = Release|Win32
		{3F792E1B-20B2-3846-AC77-DE7372316B30}.MinSizeRel|Win32.ActiveCfg = MinSizeRel|Win32
		{3F792E1B-20B2-3846-AC77-DE7372316B30}.MinSizeRel|Win32.Build.0 = MinSizeRel|Win32
		{3F792E1B-20B2-3846-AC77-DE7372316B30}.RelWithDebInfo|Win32.ActiveCfg = RelWithDebInfo|Win32
		{3F792E1B-20B2-3846-AC77-DE7372316B30}.RelWithDebInfo|Win32.Build.0 = RelWithDebInfo|Win32
		{8C24E8C9-0AA5-3D2B-8869-68CB813210EB}.Debug|Win32.ActiveCfg = Debug|Win32
		{8C24E8C9-0AA5-3D2B-8869-68CB813210EB}.Debug|Win32.Build.0 = Debug|Win32
		{8C24E8C9-0AA5-3D2B-8869-68CB813210EB}.Release|Win32.ActiveCfg = Release|Win32
		{8C24E8C9-0AA5-3D2B-8869-68CB813210EB}.Release|Win32.Build.0 = Release|Win32
		{8C24E8C9-0AA5-3D2B-8869-68CB813210EB}.MinSizeRel|Win32.ActiveCfg = MinSizeRel|Win32
		{8C24E8C9-0AA5-3D2B-8869-68CB813210EB}.MinSizeRel|Win32.Build.0 = MinSizeRel|Win32
		{8C24E8C9-0AA5-3D2B-8869-68CB813210EB}.RelWithDebInfo|Win32.ActiveCfg = RelWithDebInfo|Win32
		{8C24E8C9-0AA5-3D2B-8869-68CB813210EB}.RelWithDebInfo|Win32.Build.0 = RelWithDebInfo|Win32
		{D84FE449-6994-3C0B-A2C8-94A8F4898423}.Debug|Win32.ActiveCfg = Debug|Win32
		{D84FE449-6994-3C0B-A2C8-94A8F4898423}.Debug|Win32.Build.0 = Debug|Win32
		{D84FE449-6994-3C0B-A2C8-94A8F4898423}.Release|Win32.ActiveCfg = Release|Win32
		{D84FE449-6994-3C0B-A2C8-94A8F4898423}.Release|Win32.Build.0 = Release|Win32
		{D84FE449-6994-3C0B-A2C8-94A8F4898423}.MinSizeRel|Win32.ActiveCfg = MinSizeRel|Win32
		{D84FE449-6994-3C0B-A2C8-94A8F4898423}.MinSizeRel|Win32.Build.0 = MinSizeRel|Win32
		{D84FE449-6994-3C0B-A2C8-94A8F4898423}.RelWithDebInfo|Win32.ActiveCfg = RelWithDebInfo|Win32
		{D84FE449-6994-3C0B-A2C8-94A8F4898423}.RelWithDebInfo|Win32.Build.0 = RelWithDebInfo|Win32
		{5AF21C2F-E398-39F8-8160-E0D90A8F532B}.Debug|Win32.ActiveCfg = Debug|Win32
		{5AF21C2F-E398-39F8-8160-E0D90A8F532B}.Debug|Win32.Build.0 = Debug|Win32
		{5AF21C2F-E398-39F8-8160-E0D90A8F532B}.Release|Win32.ActiveCfg = Release|Win32
		{5AF21C2F-E398-39F8-8160-E0D90A8F532B}.Release|Win32.Build.0 = Release|Win32
		{5AF21C2F-E398-39F8-8160-E0D90A8F532B}.MinSizeRel|Win32.ActiveCfg = MinSizeRel|Win32
		{5AF21C2F-E398-39F8-8160-E0D90A8F532B}.MinSizeRel|Win32.Build.0 = MinSizeRel|Win32
		{5AF21C2F-E398-39F8-8160-E0D90A8F532B}.RelWithDebInfo|Win32.ActiveCfg = RelWithDebInfo|Win32
		{5AF21C2F-E398-39F8-8160-E0D90A8F532B}.RelWithDebInfo|Win32.Build.0 = RelWithDebInfo|Win32
		{55551606-6381-3F25-90BB-5D977578112F}.Debug|Win32.ActiveCfg = Debug|Win32
		{55551606-6381-3F25-90BB-5D977578112F}.Debug|Win32.Build.0 = Debug|Win32
		{55551606-6381-3F25-90BB-5D977578112F}.Release|Win32.ActiveCfg = Release|Win32
		{55551606-6381-3F25-90BB-5D977578112F}.Release|Win32.Build.0 = Release|Win32
		{55551606-6381-3F25-90BB-5D977578112F}.MinSizeRel|Win32.ActiveCfg = MinSizeRel|Win32
		{55551606-6381-3F25-90BB-5D977578112F}.MinSizeRel|Win32.Build.0 = MinSizeRel|Win32
		{55551606-6381-3F25-90BB-5D977578112F}.RelWithDebInfo|Win32.ActiveCfg = RelWithDebInfo|Win32
		{55551606-6381-3F25-90BB-5D977578112F}.RelWithDebInfo|Win32.Build.0 = RelWithDebInfo|Win32
		{567022FD-20A0-3720-8E2F-5C519052FBDD}.Debug|Win32.ActiveCfg = Debug|Win32
		{567022FD-20A0-3720-8E2F-5C519052FBDD}.Debug|Win32.Build.0 = Debug|Win32
		{567022FD-20A0-3720-8E2F-5C519052FBDD}.Release|Win32.ActiveCfg = Release|Win32
		{567022FD-20A0-3720-8E2F-5C519052FBDD}.Release|Win32.Build.0 = Release|Win32
		{567022FD-20A0-3720-8E2F-5C519052FBDD}.MinSizeRel|Win32.ActiveCfg = MinSizeRel|Win32
		{567022FD-20A0-3720-8E2F-5C519052FBDD}.MinSizeRel|Win32.Build.0 = MinSizeRel|Win32
		{567022FD-20A0-3720-8E2F-5C519052FBDD}.RelWithDebInfo|Win32.ActiveCfg = RelWithDebInfo|Win32
		{567022FD-20A0-3720-8E2F-5C519052FBDD}.RelWithDebInfo|Win32.Build.0 = RelWithDebInfo|Win32
		{F0419E06-32DE-3409-A0CB-CBD61ACC72E9}.Debug|Win32.ActiveCfg = Debug|Win32
		{F0419E06-32DE-3409-A0CB-CBD61ACC72E9}.Debug|Win32.Build.0 = Debug|Win32
		{F0419E06-32DE-3409-A0CB-CBD61ACC72E9}.Release|Win32.ActiveCfg = Release|Win32
		{F0419E06-32DE-3409-A0CB-CBD61ACC72E9}.Release|Win32.Build.0 = Release|Win32
		{F0419E06-32DE-3409-A0CB-CBD61ACC72E9}.MinSizeRel|Win32.ActiveCfg = MinSizeRel|Win32
		{F0419E06-32DE-3409-A0CB-CBD61ACC72E9}.MinSizeRel|Win32.Build.0 = MinSizeRel|Win32
		{F0419E06-32DE-3409-A0CB-CBD61ACC72E9}.RelWithDebInfo|Win32.ActiveCfg = RelWithDebInfo|Win32
		{F0419E06-32DE-3409-A0CB-CBD61ACC72E9}.RelWithDebInfo|Win32.Build.0 = RelWithDebInfo|Win32
		{DAE94BEA-5FA5-385A-A58C-F424BB981938}.Debug|Win32.ActiveCfg = Debug|Win32
		{DAE94BEA-5FA5-385A-A58C-F424BB981938}.Debug|Win32.Build.0 = Debug|Win32
		{DAE94BEA-5FA5-385A-A58C-F424BB981938}.Release|Win32.ActiveCfg = Release|Win32
		{DAE94BEA-5FA5-385A-A58C-F424BB981938}.Release|Win32.Build.0 = Release|Win32
		{DAE94BEA-5FA5-385A-A58C-F424BB981938}.MinSizeRel|Win32.ActiveCfg = MinSizeRel|Win32
		{DAE94BEA-5FA5-385A-A58C-F424BB981938}.MinSizeRel|Win32.Build.0 = MinSizeRel|Win32
		{DAE94BEA-5FA5-385A-A58C-F424BB981938}.RelWithDebInfo|Win32.ActiveCfg = RelWithDebInfo|Win32
		{DAE94BEA-5FA5-385A-A58C-F424BB981938}.RelWithDebInfo|Win32.Build.0 = RelWithDebInfo|Win32
		{8A149D48-CECB-379B-B5BB-F2874A735F59}.Debug|Win32.ActiveCfg = Debug|Win32
		{8A149D48-CECB-379B-B5BB-F2874A735F59}.Debug|Win32.Build.0 = Debug|Win32
		{8A149D48-CECB-379B-B5BB-F2874A735F59}.Release|Win32.ActiveCfg = Release|Win32
		{8A149D48-CECB-379B-B5BB-F2874A735F59}.Release|Win32.Build.0 = Release|Win32
		{8A149D48-CECB-379B-B5BB-F2874A735F59}.MinSizeRel|Win32.ActiveCfg = MinSizeRel|Win32
		{8A149D48-CECB-379B-B5BB-F2874A735F59}.MinSizeRel|Win32.Build.0 = MinSizeRel|Win32
		{8A149D48-CECB-379B-B5BB-F2874A735F59}.RelWithDebInfo|Win32.ActiveCfg = RelWithDebInfo|Win32
		{8A149D48-CECB-379B-B5BB-F2874A735F59}.RelWithDebInfo|Win32.Build.0 = RelWithDebInfo|Win32
		{14F4C570-BE85-3B36-9A54-66308ADB244B}.Debug|Win32.ActiveCfg = Debug|Win32
		{14F4C570-BE85-3B36-9A54-66308ADB244B}.Debug|Win32.Build.0 = Debug|Win32
		{14F4C570-BE85-3B36-9A54-66308ADB244B}.Release|Win32.ActiveCfg = Release|Win32
		{14F4C570-BE85-3B36-9A54-66308ADB244B}.Release|Win32.Build.0 = Release|Win32
		{14F4C570-BE85-3B36-9A54-66308ADB244B}.MinSizeRel|Win32.ActiveCfg = MinSizeRel|Win32
		{14F4C570-BE85-3B36-9A54-66308ADB244B}.MinSizeRel|Win32.Build.0 = MinSizeRel|Win32
		{14F4C570-BE85-3B36-9A54-66308ADB244B}.RelWithDebInfo|Win32.ActiveCfg = RelWithDebInfo|Win32
		{14F4C570-BE85-3B36-9A54-66308ADB244B}.RelWithDebInfo|Win32.Build.0 = RelWithDebInfo|Win32
		{0A6FAA47-5BF9-362D-B28B-6D0B13406A32}.Debug|Win32.ActiveCfg = Debug|Win32
		{0A6FAA47-5BF9-362D-B28B-6D0B13406A32}.Debug|Win32.Build.0 = Debug|Win32
		{0A6FAA47-5BF9-362D-B28B-6D0B13406A32}.Release|Win32.ActiveCfg = Release|Win32
		{0A6FAA47-5BF9-362D-B28B-6D0B13406A32}.Release|Win32.Build.0 = Release|Win32
		{0A6FAA47-5BF9-362D-B28B-6D0B13406A32}.MinSizeRel|Win32.ActiveCfg = MinSizeRel|Win32
		{0A6FAA47-5BF9-362D-B28B-6D0B13406A32}.MinSizeRel|Win32.Build.0 = MinSizeRel|Win32
		{0A6FAA47-5BF9-362D-B28B-6D0B13406A32}.RelWithDebInfo|Win32.ActiveCfg = RelWithDebInfo|Win32
		{0A6FAA47-5BF9-362D-B28B-6D0B13406A32}.RelWithDebInfo|Win32.Build.0 = RelWithDebInfo|Win32
		{060E026C-FC10-3E67-BD5C-21822853C331}.Debug|Win32.ActiveCfg = Debug|Win32
		{060E026C-FC10-3E67-BD5C-21822853C331}.Debug|Win32.Build.0 = Debug|Win32
		{060E026C-FC10-3E67-BD5C-21822853C331}.Release|Win32.ActiveCfg = Release|Win32
		{060E026C-FC10-3E67-BD5C-21822853C331}.Release|Win32.Build.0 = Release|Win32
		{060E026C-FC10-3E67-BD5C-21822853C331}.MinSizeRel|Win32.ActiveCfg = MinSizeRel|Win32
		{060E026C-FC10-3E67-BD5C-21822853C331}.MinSizeRel|Win32.Build.0 = MinSizeRel|Win32
		{060E026C-FC10-3E67-BD5C-21822853C331}.RelWithDebInfo|Win32.ActiveCfg = RelWithDebInfo|Win32
		{060E026C-FC10-3E67-BD5C-21822853C331}.RelWithDebInfo|Win32.Build.0 = RelWithDebInfo|Win32
		{43F77EA5-0889-3B10-86A8-AF93255B6EB7}.Debug|Win32.ActiveCfg = Debug|Win32
		{43F77EA5-0889-3B10-86A8-AF93255B6EB7}.Debug|Win32.Build.0 = Debug|Win32
		{43F77EA5-0889-3B10-86A8-AF93255B6EB7}.Release|Win32.ActiveCfg = Release|Win32
		{43F77EA5-0889-3B10-86A8-AF93255B6EB7}.Release|Win32.Build.0 = Release|Win32
		{43F77EA5-0889-3B10-86A8-AF93255B6EB7}.MinSizeRel|Win32.ActiveCfg = MinSizeRel|Win32
		{43F77EA5-0889-3B10-86A8-AF93255B6EB7}.MinSizeRel|Win32.Build.0 = MinSizeRel|Win32
		{43F77EA5-0889-3B10-86A8-AF93255B6EB7}.RelWithDebInfo|Win32.ActiveCfg = RelWithDebInfo|Win32
		{43F77EA5-0889-3B10-86A8-AF93255B6EB7}.RelWithDebInfo|Win32.Build.0 = RelWithDebInfo|Win32
	EndGlobalSection
	GlobalSection(NestedProjects) = preSolution
		{B3838A40-47D9-3608-A84E-654553CEAAC8} = {FA3B56CA-9501-321F-B714-915F717ED869}
		{6DA179EB-A494-3E30-A2AB-BDA222B9E14E} = {FA3B56CA-9501-321F-B714-915F717ED869}
		{0C2B7C30-AE29-3565-95B9-3530FD791341} = {FA3B56CA-9501-321F-B714-915F717ED869}
		{475F7B04-CB66-362D-8B84-4B60A20D6CBC} = {FA3B56CA-9501-321F-B714-915F717ED869}
		{57DAE682-22FA-3C30-A42C-CF7EC9B7B96B} = {39FF7940-E4D4-3DC4-93BD-79BF2F691656}
		{1FEFCD91-EEF8-3DD9-B6C8-FE26BF6543AB} = {39FF7940-E4D4-3DC4-93BD-79BF2F691656}
		{7D755A9B-64AF-3D8C-A3E3-EB85DD74090A} = {39FF7940-E4D4-3DC4-93BD-79BF2F691656}
		{FFE6240A-4F3C-3D0F-A79A-F0A70BCF4B08} = {39FF7940-E4D4-3DC4-93BD-79BF2F691656}
		{0A6FAA47-5BF9-362D-B28B-6D0B13406A32} = {8AF5A145-0174-39BF-B38C-BDD4D6C8BF00}
	EndGlobalSection
	GlobalSection(ExtensibilityGlobals) = postSolution
		SolutionGuid = {0FB2D2AB-2359-3749-A433-0A02CD5280E0}
	EndGlobalSection
	GlobalSection(ExtensibilityAddIns) = postSolution
	EndGlobalSection
EndGlobal
